
Microsoft Visual Studio Solution File, Format Version 12.00
# Visual Studio Version 17
VisualStudioVersion = 17.14.36109.1 d17.14
MinimumVisualStudioVersion = 10.0.40219.1
Project("{FAE04EC0-301F-11D3-BF4B-00C04F79EFBC}") = "Battle Simulator", "Battle Simulator\Battle Simulator.csproj", "{76AE34EA-043D-4660-8232-E920188C7510}"
EndProject
Global
	GlobalSection(SolutionConfigurationPlatforms) = preSolution
		Debug|Any CPU = Debug|Any CPU
		Release|Any CPU = Release|Any CPU
	EndGlobalSection
	GlobalSection(ProjectConfigurationPlatforms) = postSolution
		{76AE34EA-043D-4660-8232-E920188C7510}.Debug|Any CPU.ActiveCfg = Debug|Any CPU
		{76AE34EA-043D-4660-8232-E920188C7510}.Debug|Any CPU.Build.0 = Debug|Any CPU
		{76AE34EA-043D-4660-8232-E920188C7510}.Release|Any CPU.ActiveCfg = Release|Any CPU
		{76AE34EA-043D-4660-8232-E920188C7510}.Release|Any CPU.Build.0 = Release|Any CPU
	EndGlobalSection
	GlobalSection(SolutionProperties) = preSolution
		HideSolutionNode = FALSE
	EndGlobalSection
	GlobalSection(ExtensibilityGlobals) = postSolution
		SolutionGuid = {1E627F8A-989F-484A-B61D-DCEA79BB873E}
	EndGlobalSection
EndGlobal
