
Microsoft Visual Studio Solution File, Format Version 12.00
# Visual Studio Version 17
VisualStudioVersion = 17.14.36202.13 d17.14
MinimumVisualStudioVersion = 10.0.40219.1
Project("{FAE04EC0-301F-11D3-BF4B-00C04F79EFBC}") = "TaskSchedulingSystem", "TaskSchedulingSystem\TaskSchedulingSystem.csproj", "{849E9C7F-7EF5-42D8-8107-BDD764704A34}"
EndProject
Global
	GlobalSection(SolutionConfigurationPlatforms) = preSolution
		Debug|Any CPU = Debug|Any CPU
		Release|Any CPU = Release|Any CPU
	EndGlobalSection
	GlobalSection(ProjectConfigurationPlatforms) = postSolution
		{849E9C7F-7EF5-42D8-8107-BDD764704A34}.Debug|Any CPU.ActiveCfg = Debug|Any CPU
		{849E9C7F-7EF5-42D8-8107-BDD764704A34}.Debug|Any CPU.Build.0 = Debug|Any CPU
		{849E9C7F-7EF5-42D8-8107-BDD764704A34}.Release|Any CPU.ActiveCfg = Release|Any CPU
		{849E9C7F-7EF5-42D8-8107-BDD764704A34}.Release|Any CPU.Build.0 = Release|Any CPU
	EndGlobalSection
	GlobalSection(SolutionProperties) = preSolution
		HideSolutionNode = FALSE
	EndGlobalSection
	GlobalSection(ExtensibilityGlobals) = postSolution
		SolutionGuid = {F7E9F9FC-175B-4358-ADE5-BD97C81A39E9}
	EndGlobalSection
EndGlobal
