
Microsoft Visual Studio Solution File, Format Version 12.00
# Visual Studio Version 17
VisualStudioVersion = 17.14.36109.1 d17.14
MinimumVisualStudioVersion = 10.0.40219.1
Project("{FAE04EC0-301F-11D3-BF4B-00C04F79EFBC}") = "GenDelLamDemo", "GenDelLamDemo\GenDelLamDemo.csproj", "{541CFE4D-1690-4D19-90B3-D3C7C31E55FD}"
EndProject
Global
	GlobalSection(SolutionConfigurationPlatforms) = preSolution
		Debug|Any CPU = Debug|Any CPU
		Release|Any CPU = Release|Any CPU
	EndGlobalSection
	GlobalSection(ProjectConfigurationPlatforms) = postSolution
		{541CFE4D-1690-4D19-90B3-D3C7C31E55FD}.Debug|Any CPU.ActiveCfg = Debug|Any CPU
		{541CFE4D-1690-4D19-90B3-D3C7C31E55FD}.Debug|Any CPU.Build.0 = Debug|Any CPU
		{541CFE4D-1690-4D19-90B3-D3C7C31E55FD}.Release|Any CPU.ActiveCfg = Release|Any CPU
		{541CFE4D-1690-4D19-90B3-D3C7C31E55FD}.Release|Any CPU.Build.0 = Release|Any CPU
	EndGlobalSection
	GlobalSection(SolutionProperties) = preSolution
		HideSolutionNode = FALSE
	EndGlobalSection
	GlobalSection(ExtensibilityGlobals) = postSolution
		SolutionGuid = {DC750EEB-09B4-4266-8F3C-B31DA7E19420}
	EndGlobalSection
EndGlobal
